
Microsoft Visual Studio Solution File, Format Version 12.00
# Visual Studio Version 17
VisualStudioVersion = 17.0.31903.59
MinimumVisualStudioVersion = 10.0.40219.1
Project("{FAE04EC0-301F-11D3-BF4B-00C04F79EFBC}") = "Medianiz", "src\Mediator\Medianiz.csproj", "{F10CB132-BE35-430E-85B0-1D589292F316}"
EndProject
Project("{FAE04EC0-301F-11D3-BF4B-00C04F79EFBC}") = "Medianiz.Tests", "tests\Medianiz.Tests.csproj", "{3456EA90-234F-4D7B-8063-F89139A19EF4}"
EndProject
Global
	GlobalSection(SolutionConfigurationPlatforms) = preSolution
		Debug|Any CPU = Debug|Any CPU
		Release|Any CPU = Release|Any CPU
	EndGlobalSection
	GlobalSection(SolutionProperties) = preSolution
		HideSolutionNode = FALSE
	EndGlobalSection
	GlobalSection(ProjectConfigurationPlatforms) = postSolution
		{F10CB132-BE35-430E-85B0-1D589292F316}.Debug|Any CPU.ActiveCfg = Debug|Any CPU
		{F10CB132-BE35-430E-85B0-1D589292F316}.Debug|Any CPU.Build.0 = Debug|Any CPU
		{F10CB132-BE35-430E-85B0-1D589292F316}.Release|Any CPU.ActiveCfg = Release|Any CPU
		{F10CB132-BE35-430E-85B0-1D589292F316}.Release|Any CPU.Build.0 = Release|Any CPU
		{3456EA90-234F-4D7B-8063-F89139A19EF4}.Debug|Any CPU.ActiveCfg = Debug|Any CPU
		{3456EA90-234F-4D7B-8063-F89139A19EF4}.Debug|Any CPU.Build.0 = Debug|Any CPU
		{3456EA90-234F-4D7B-8063-F89139A19EF4}.Release|Any CPU.ActiveCfg = Release|Any CPU
		{3456EA90-234F-4D7B-8063-F89139A19EF4}.Release|Any CPU.Build.0 = Release|Any CPU
	EndGlobalSection
EndGlobal
